{
  "name": "aci-ground-truth",
  "version": "1.0.0",
  "lockfileVersion": 3,
  "requires": true,
  "packages": {
    "": {
      "name": "aci-ground-truth",
      "version": "1.0.0",
      "dependencies": {
        "is-number": "7.0.0"
      }
    },
    "node_modules/is-number": {
      "version": "7.0.0",
      "resolved": "https://registry.npmjs.org/is-number/-/is-number-7.0.0.tgz",
      "integrity": "sha512-41Cifkg6e8TylSpdtTpeLVMqvYhYV5C8e/ba6fT2a1iM0bDrcqV6f24vV4N+UtwcB5sWZVRwz9nQwJ8j1P0jA=="
    }
  }
}
